#
# This file is autogenerated by pip-compile with Python 3.12
# by the following command:
#
#    pip-compile --no-emit-index-url --no-index --output-file=requirements.lock --strip-extras pyproject.toml
#
annotated-doc==0.0.5
    # via fastapi
annotated-types==0.8.0
    # via pydantic
anyio==4.14.2
    # via
    #   httpx2
    #   starlette
    #   watchfiles
boto3==1.43.86
    # via montaj-worker-ai (pyproject.toml)
botocore==1.43.86
    # via
    #   boto3
    #   s3transfer
bullmq==3.2.1
    # via montaj-worker-ai (pyproject.toml)
click==8.5.0
    # via
    #   jiwer
    #   uvicorn
croniter==2.0.7
    # via bullmq
fastapi==0.141.1
    # via montaj-worker-ai (pyproject.toml)
flatbuffers==25.12.19
    # via onnxruntime
h11==0.16.0
    # via
    #   httpcore2
    #   uvicorn
httpcore2==2.12.0
    # via httpx2
httptools==0.8.0
    # via uvicorn
httpx2==2.12.0
    # via montaj-worker-ai (pyproject.toml)
idna==3.19
    # via
    #   anyio
    #   httpx2
jiwer==4.0.0
    # via montaj-worker-ai (pyproject.toml)
jmespath==1.1.0
    # via
    #   boto3
    #   botocore
msgpack==1.2.2
    # via bullmq
numpy==2.5.2
    # via
    #   montaj-worker-ai (pyproject.toml)
    #   onnxruntime
onnxruntime==1.29.0
    # via montaj-worker-ai (pyproject.toml)
packaging==26.3
    # via onnxruntime
protobuf==7.36.1
    # via onnxruntime
pydantic==2.13.5
    # via fastapi
pydantic-core==2.46.5
    # via pydantic
python-dateutil==2.9.0.post0
    # via
    #   botocore
    #   croniter
python-dotenv==1.2.3
    # via
    #   montaj-worker-ai (pyproject.toml)
    #   uvicorn
pytz==2026.3.post1
    # via croniter
pyyaml==6.0.3
    # via
    #   montaj-worker-ai (pyproject.toml)
    #   uvicorn
rapidfuzz==3.14.6
    # via jiwer
redis==7.4.1
    # via bullmq
s3transfer==0.19.2
    # via boto3
semver==3.0.4
    # via bullmq
six==1.17.0
    # via python-dateutil
starlette==1.6.0
    # via fastapi
truststore==0.10.4
    # via
    #   httpcore2
    #   httpx2
typing-extensions==4.16.0
    # via
    #   anyio
    #   fastapi
    #   httpx2
    #   pydantic
    #   pydantic-core
    #   starlette
    #   typing-inspection
typing-inspection==0.4.4
    # via
    #   fastapi
    #   pydantic
urllib3==2.7.0
    # via botocore
uvicorn==0.52.4
    # via montaj-worker-ai (pyproject.toml)
watchfiles==1.2.0
    # via uvicorn
websockets==17.1
    # via uvicorn
